{
  "name": "kicad-mcp-pro",
  "version": "3.30.2",
  "lockfileVersion": 3,
  "requires": true,
  "packages": {
    "": {
      "name": "kicad-mcp-pro",
      "version": "3.30.2",
      "license": "MIT",
      "bin": {
        "kicad-mcp-pro": "bin/kicad-mcp-pro.js"
      },
      "engines": {
        "node": ">=22.14.0"
      }
    }
  }
}
